
Microsoft Visual Studio Solution File, Format Version 12.00
# Visual Studio 15
VisualStudioVersion = 15.0.27703.2000
MinimumVisualStudioVersion = 10.0.40219.1
Project("{FAE04EC0-301F-11D3-BF4B-00C04F79EFBC}") = "Project 23 Diziler 3", "Project 23 Diziler 3\Project 23 Diziler 3.csproj", "{BA1B60D3-D8D5-4C43-9C95-D67ED8BF52BC}"
EndProject
Global
	GlobalSection(SolutionConfigurationPlatforms) = preSolution
		Debug|Any CPU = Debug|Any CPU
		Release|Any CPU = Release|Any CPU
	EndGlobalSection
	GlobalSection(ProjectConfigurationPlatforms) = postSolution
		{BA1B60D3-D8D5-4C43-9C95-D67ED8BF52BC}.Debug|Any CPU.ActiveCfg = Debug|Any CPU
		{BA1B60D3-D8D5-4C43-9C95-D67ED8BF52BC}.Debug|Any CPU.Build.0 = Debug|Any CPU
		{BA1B60D3-D8D5-4C43-9C95-D67ED8BF52BC}.Release|Any CPU.ActiveCfg = Release|Any CPU
		{BA1B60D3-D8D5-4C43-9C95-D67ED8BF52BC}.Release|Any CPU.Build.0 = Release|Any CPU
	EndGlobalSection
	GlobalSection(SolutionProperties) = preSolution
		HideSolutionNode = FALSE
	EndGlobalSection
	GlobalSection(ExtensibilityGlobals) = postSolution
		SolutionGuid = {DA131765-7CAA-4D2E-AB5A-F8C45FDC97E6}
	EndGlobalSection
EndGlobal
